
Microsoft Visual Studio Solution File, Format Version 12.00
# Visual Studio Version 17
VisualStudioVersion = 17.4.33103.184
MinimumVisualStudioVersion = 10.0.40219.1
Project("{FAE04EC0-301F-11D3-BF4B-00C04F79EFBC}") = "FridgeAPI", "FridgeAPI\FridgeAPI.csproj", "{D333D4CE-3921-48A9-9479-9086851AC24E}"
EndProject
Global
	GlobalSection(SolutionConfigurationPlatforms) = preSolution
		Debug|Any CPU = Debug|Any CPU
		Release|Any CPU = Release|Any CPU
	EndGlobalSection
	GlobalSection(ProjectConfigurationPlatforms) = postSolution
		{D333D4CE-3921-48A9-9479-9086851AC24E}.Debug|Any CPU.ActiveCfg = Debug|Any CPU
		{D333D4CE-3921-48A9-9479-9086851AC24E}.Debug|Any CPU.Build.0 = Debug|Any CPU
		{D333D4CE-3921-48A9-9479-9086851AC24E}.Release|Any CPU.ActiveCfg = Release|Any CPU
		{D333D4CE-3921-48A9-9479-9086851AC24E}.Release|Any CPU.Build.0 = Release|Any CPU
	EndGlobalSection
	GlobalSection(SolutionProperties) = preSolution
		HideSolutionNode = FALSE
	EndGlobalSection
	GlobalSection(ExtensibilityGlobals) = postSolution
		SolutionGuid = {25E9ABBB-1EBD-4D6A-9C53-927596BADD67}
	EndGlobalSection
EndGlobal
